// !$*UTF8*$!
{
	archiveVersion = 1;
	classes = {
	};
	objectVersion = 56;
	objects = {

/* Begin PBXBuildFile section */
		04C1117B29F0F35B00119130 /* AppDelegate.swift in Sources */ = {isa = PBXBuildFile; fileRef = 04C1117A29F0F35B00119130 /* AppDelegate.swift */; };
		04C1117D29F0F35B00119130 /* SceneDelegate.swift in Sources */ = {isa = PBXBuildFile; fileRef = 04C1117C29F0F35B00119130 /* SceneDelegate.swift */; };
		04C1117F29F0F35B00119130 /* MainVC.swift in Sources */ = {isa = PBXBuildFile; fileRef = 04C1117E29F0F35B00119130 /* MainVC.swift */; };
		04C1118229F0F35B00119130 /* Main.storyboard in Resources */ = {isa = PBXBuildFile; fileRef = 04C1118029F0F35B00119130 /* Main.storyboard */; };
		04C1118429F0F35C00119130 /* Assets.xcassets in Resources */ = {isa = PBXBuildFile; fileRef = 04C1118329F0F35C00119130 /* Assets.xcassets */; };
		04C1118729F0F35C00119130 /* LaunchScreen.storyboard in Resources */ = {isa = PBXBuildFile; fileRef = 04C1118529F0F35C00119130 /* LaunchScreen.storyboard */; };
		04C1119229F0F35C00119130 /* WeatherfulTests.swift in Sources */ = {isa = PBXBuildFile; fileRef = 04C1119129F0F35C00119130 /* WeatherfulTests.swift */; };
		04C1119C29F0F35C00119130 /* WeatherfulUITests.swift in Sources */ = {isa = PBXBuildFile; fileRef = 04C1119B29F0F35C00119130 /* WeatherfulUITests.swift */; };
		04C1119E29F0F35C00119130 /* WeatherfulUITestsLaunchTests.swift in Sources */ = {isa = PBXBuildFile; fileRef = 04C1119D29F0F35C00119130 /* WeatherfulUITestsLaunchTests.swift */; };
		04C111AE29F11A4D00119130 /* UIView+Weatherful.swift in Sources */ = {isa = PBXBuildFile; fileRef = 04C111AD29F11A4D00119130 /* UIView+Weatherful.swift */; };
		04C111B029F11A7900119130 /* UIColor+Weatherful.swift in Sources */ = {isa = PBXBuildFile; fileRef = 04C111AF29F11A7900119130 /* UIColor+Weatherful.swift */; };
		04C111B529F1242A00119130 /* UILabel+Weatherful.swift in Sources */ = {isa = PBXBuildFile; fileRef = 04C111B429F1242A00119130 /* UILabel+Weatherful.swift */; };
		04C111B729F1248300119130 /* CustomFonts.swift in Sources */ = {isa = PBXBuildFile; fileRef = 04C111B629F1248300119130 /* CustomFonts.swift */; };
		04C111C229F1261C00119130 /* SF-Pro-Rounded-Bold.otf in Resources */ = {isa = PBXBuildFile; fileRef = 04C111B929F1261B00119130 /* SF-Pro-Rounded-Bold.otf */; };
		04C111C329F1261C00119130 /* SF-Pro-Rounded-Bold.otf in Resources */ = {isa = PBXBuildFile; fileRef = 04C111B929F1261B00119130 /* SF-Pro-Rounded-Bold.otf */; };
		04C111C429F1261C00119130 /* SF-Pro-Rounded-Bold.otf in Resources */ = {isa = PBXBuildFile; fileRef = 04C111B929F1261B00119130 /* SF-Pro-Rounded-Bold.otf */; };
		04C111C529F1261C00119130 /* SF-Pro-Rounded-Regular.otf in Resources */ = {isa = PBXBuildFile; fileRef = 04C111BA29F1261B00119130 /* SF-Pro-Rounded-Regular.otf */; };
		04C111C629F1261C00119130 /* SF-Pro-Rounded-Regular.otf in Resources */ = {isa = PBXBuildFile; fileRef = 04C111BA29F1261B00119130 /* SF-Pro-Rounded-Regular.otf */; };
		04C111C729F1261C00119130 /* SF-Pro-Rounded-Regular.otf in Resources */ = {isa = PBXBuildFile; fileRef = 04C111BA29F1261B00119130 /* SF-Pro-Rounded-Regular.otf */; };
		04C111C829F1261C00119130 /* SF-Pro-Rounded-Thin.otf in Resources */ = {isa = PBXBuildFile; fileRef = 04C111BB29F1261C00119130 /* SF-Pro-Rounded-Thin.otf */; };
		04C111C929F1261C00119130 /* SF-Pro-Rounded-Thin.otf in Resources */ = {isa = PBXBuildFile; fileRef = 04C111BB29F1261C00119130 /* SF-Pro-Rounded-Thin.otf */; };
		04C111CA29F1261C00119130 /* SF-Pro-Rounded-Thin.otf in Resources */ = {isa = PBXBuildFile; fileRef = 04C111BB29F1261C00119130 /* SF-Pro-Rounded-Thin.otf */; };
		04C111CB29F1261C00119130 /* SF-Pro-Rounded-Heavy.otf in Resources */ = {isa = PBXBuildFile; fileRef = 04C111BC29F1261C00119130 /* SF-Pro-Rounded-Heavy.otf */; };
		04C111CC29F1261C00119130 /* SF-Pro-Rounded-Heavy.otf in Resources */ = {isa = PBXBuildFile; fileRef = 04C111BC29F1261C00119130 /* SF-Pro-Rounded-Heavy.otf */; };
		04C111CD29F1261C00119130 /* SF-Pro-Rounded-Heavy.otf in Resources */ = {isa = PBXBuildFile; fileRef = 04C111BC29F1261C00119130 /* SF-Pro-Rounded-Heavy.otf */; };
		04C111CE29F1261C00119130 /* SF-Pro-Rounded-Ultralight.otf in Resources */ = {isa = PBXBuildFile; fileRef = 04C111BD29F1261C00119130 /* SF-Pro-Rounded-Ultralight.otf */; };
		04C111CF29F1261C00119130 /* SF-Pro-Rounded-Ultralight.otf in Resources */ = {isa = PBXBuildFile; fileRef = 04C111BD29F1261C00119130 /* SF-Pro-Rounded-Ultralight.otf */; };
		04C111D029F1261C00119130 /* SF-Pro-Rounded-Ultralight.otf in Resources */ = {isa = PBXBuildFile; fileRef = 04C111BD29F1261C00119130 /* SF-Pro-Rounded-Ultralight.otf */; };
		04C111D129F1261C00119130 /* SF-Pro-Rounded-Light.otf in Resources */ = {isa = PBXBuildFile; fileRef = 04C111BE29F1261C00119130 /* SF-Pro-Rounded-Light.otf */; };
		04C111D229F1261C00119130 /* SF-Pro-Rounded-Light.otf in Resources */ = {isa = PBXBuildFile; fileRef = 04C111BE29F1261C00119130 /* SF-Pro-Rounded-Light.otf */; };
		04C111D329F1261C00119130 /* SF-Pro-Rounded-Light.otf in Resources */ = {isa = PBXBuildFile; fileRef = 04C111BE29F1261C00119130 /* SF-Pro-Rounded-Light.otf */; };
		04C111D429F1261C00119130 /* SF-Pro-Rounded-Semibold.otf in Resources */ = {isa = PBXBuildFile; fileRef = 04C111BF29F1261C00119130 /* SF-Pro-Rounded-Semibold.otf */; };
		04C111D529F1261C00119130 /* SF-Pro-Rounded-Semibold.otf in Resources */ = {isa = PBXBuildFile; fileRef = 04C111BF29F1261C00119130 /* SF-Pro-Rounded-Semibold.otf */; };
		04C111D629F1261C00119130 /* SF-Pro-Rounded-Semibold.otf in Resources */ = {isa = PBXBuildFile; fileRef = 04C111BF29F1261C00119130 /* SF-Pro-Rounded-Semibold.otf */; };
		04C111D729F1261C00119130 /* SF-Pro-Rounded-Medium.otf in Resources */ = {isa = PBXBuildFile; fileRef = 04C111C029F1261C00119130 /* SF-Pro-Rounded-Medium.otf */; };
		04C111D829F1261C00119130 /* SF-Pro-Rounded-Medium.otf in Resources */ = {isa = PBXBuildFile; fileRef = 04C111C029F1261C00119130 /* SF-Pro-Rounded-Medium.otf */; };
		04C111D929F1261C00119130 /* SF-Pro-Rounded-Medium.otf in Resources */ = {isa = PBXBuildFile; fileRef = 04C111C029F1261C00119130 /* SF-Pro-Rounded-Medium.otf */; };
		04C111DA29F1261C00119130 /* SF-Pro-Rounded-Black.otf in Resources */ = {isa = PBXBuildFile; fileRef = 04C111C129F1261C00119130 /* SF-Pro-Rounded-Black.otf */; };
		04C111DB29F1261C00119130 /* SF-Pro-Rounded-Black.otf in Resources */ = {isa = PBXBuildFile; fileRef = 04C111C129F1261C00119130 /* SF-Pro-Rounded-Black.otf */; };
		04C111DC29F1261C00119130 /* SF-Pro-Rounded-Black.otf in Resources */ = {isa = PBXBuildFile; fileRef = 04C111C129F1261C00119130 /* SF-Pro-Rounded-Black.otf */; };
/* End PBXBuildFile section */

/* Begin PBXContainerItemProxy section */
		04C1118E29F0F35C00119130 /* PBXContainerItemProxy */ = {
			isa = PBXContainerItemProxy;
			containerPortal = 04C1116F29F0F35B00119130 /* Project object */;
			proxyType = 1;
			remoteGlobalIDString = 04C1117629F0F35B00119130;
			remoteInfo = Weatherful;
		};
		04C1119829F0F35C00119130 /* PBXContainerItemProxy */ = {
			isa = PBXContainerItemProxy;
			containerPortal = 04C1116F29F0F35B00119130 /* Project object */;
			proxyType = 1;
			remoteGlobalIDString = 04C1117629F0F35B00119130;
			remoteInfo = Weatherful;
		};
/* End PBXContainerItemProxy section */

/* Begin PBXFileReference section */
		04C1117729F0F35B00119130 /* Weatherful.app */ = {isa = PBXFileReference; explicitFileType = wrapper.application; includeInIndex = 0; path = Weatherful.app; sourceTree = BUILT_PRODUCTS_DIR; };
		04C1117A29F0F35B00119130 /* AppDelegate.swift */ = {isa = PBXFileReference; lastKnownFileType = sourcecode.swift; path = AppDelegate.swift; sourceTree = "<group>"; };
		04C1117C29F0F35B00119130 /* SceneDelegate.swift */ = {isa = PBXFileReference; lastKnownFileType = sourcecode.swift; path = SceneDelegate.swift; sourceTree = "<group>"; };
		04C1117E29F0F35B00119130 /* MainVC.swift */ = {isa = PBXFileReference; lastKnownFileType = sourcecode.swift; path = MainVC.swift; sourceTree = "<group>"; };
		04C1118129F0F35B00119130 /* Base */ = {isa = PBXFileReference; lastKnownFileType = file.storyboard; name = Base; path = Base.lproj/Main.storyboard; sourceTree = "<group>"; };
		04C1118329F0F35C00119130 /* Assets.xcassets */ = {isa = PBXFileReference; lastKnownFileType = folder.assetcatalog; path = Assets.xcassets; sourceTree = "<group>"; };
		04C1118629F0F35C00119130 /* Base */ = {isa = PBXFileReference; lastKnownFileType = file.storyboard; name = Base; path = Base.lproj/LaunchScreen.storyboard; sourceTree = "<group>"; };
		04C1118829F0F35C00119130 /* Info.plist */ = {isa = PBXFileReference; lastKnownFileType = text.plist.xml; path = Info.plist; sourceTree = "<group>"; };
		04C1118D29F0F35C00119130 /* WeatherfulTests.xctest */ = {isa = PBXFileReference; explicitFileType = wrapper.cfbundle; includeInIndex = 0; path = WeatherfulTests.xctest; sourceTree = BUILT_PRODUCTS_DIR; };
		04C1119129F0F35C00119130 /* WeatherfulTests.swift */ = {isa = PBXFileReference; lastKnownFileType = sourcecode.swift; path = WeatherfulTests.swift; sourceTree = "<group>"; };
		04C1119729F0F35C00119130 /* WeatherfulUITests.xctest */ = {isa = PBXFileReference; explicitFileType = wrapper.cfbundle; includeInIndex = 0; path = WeatherfulUITests.xctest; sourceTree = BUILT_PRODUCTS_DIR; };
		04C1119B29F0F35C00119130 /* WeatherfulUITests.swift */ = {isa = PBXFileReference; lastKnownFileType = sourcecode.swift; path = WeatherfulUITests.swift; sourceTree = "<group>"; };
		04C1119D29F0F35C00119130 /* WeatherfulUITestsLaunchTests.swift */ = {isa = PBXFileReference; lastKnownFileType = sourcecode.swift; path = WeatherfulUITestsLaunchTests.swift; sourceTree = "<group>"; };
		04C111AD29F11A4D00119130 /* UIView+Weatherful.swift */ = {isa = PBXFileReference; lastKnownFileType = sourcecode.swift; path = "UIView+Weatherful.swift"; sourceTree = "<group>"; };
		04C111AF29F11A7900119130 /* UIColor+Weatherful.swift */ = {isa = PBXFileReference; lastKnownFileType = sourcecode.swift; path = "UIColor+Weatherful.swift"; sourceTree = "<group>"; };
		04C111B429F1242A00119130 /* UILabel+Weatherful.swift */ = {isa = PBXFileReference; lastKnownFileType = sourcecode.swift; path = "UILabel+Weatherful.swift"; sourceTree = "<group>"; };
		04C111B629F1248300119130 /* CustomFonts.swift */ = {isa = PBXFileReference; lastKnownFileType = sourcecode.swift; path = CustomFonts.swift; sourceTree = "<group>"; };
		04C111B929F1261B00119130 /* SF-Pro-Rounded-Bold.otf */ = {isa = PBXFileReference; lastKnownFileType = file; path = "SF-Pro-Rounded-Bold.otf"; sourceTree = "<group>"; };
		04C111BA29F1261B00119130 /* SF-Pro-Rounded-Regular.otf */ = {isa = PBXFileReference; lastKnownFileType = file; path = "SF-Pro-Rounded-Regular.otf"; sourceTree = "<group>"; };
		04C111BB29F1261C00119130 /* SF-Pro-Rounded-Thin.otf */ = {isa = PBXFileReference; lastKnownFileType = file; path = "SF-Pro-Rounded-Thin.otf"; sourceTree = "<group>"; };
		04C111BC29F1261C00119130 /* SF-Pro-Rounded-Heavy.otf */ = {isa = PBXFileReference; lastKnownFileType = file; path = "SF-Pro-Rounded-Heavy.otf"; sourceTree = "<group>"; };
		04C111BD29F1261C00119130 /* SF-Pro-Rounded-Ultralight.otf */ = {isa = PBXFileReference; lastKnownFileType = file; path = "SF-Pro-Rounded-Ultralight.otf"; sourceTree = "<group>"; };
		04C111BE29F1261C00119130 /* SF-Pro-Rounded-Light.otf */ = {isa = PBXFileReference; lastKnownFileType = file; path = "SF-Pro-Rounded-Light.otf"; sourceTree = "<group>"; };
		04C111BF29F1261C00119130 /* SF-Pro-Rounded-Semibold.otf */ = {isa = PBXFileReference; lastKnownFileType = file; path = "SF-Pro-Rounded-Semibold.otf"; sourceTree = "<group>"; };
		04C111C029F1261C00119130 /* SF-Pro-Rounded-Medium.otf */ = {isa = PBXFileReference; lastKnownFileType = file; path = "SF-Pro-Rounded-Medium.otf"; sourceTree = "<group>"; };
		04C111C129F1261C00119130 /* SF-Pro-Rounded-Black.otf */ = {isa = PBXFileReference; lastKnownFileType = file; path = "SF-Pro-Rounded-Black.otf"; sourceTree = "<group>"; };
/* End PBXFileReference section */

/* Begin PBXFrameworksBuildPhase section */
		04C1117429F0F35B00119130 /* Frameworks */ = {
			isa = PBXFrameworksBuildPhase;
			buildActionMask = 2147483647;
			files = (
			);
			runOnlyForDeploymentPostprocessing = 0;
		};
		04C1118A29F0F35C00119130 /* Frameworks */ = {
			isa = PBXFrameworksBuildPhase;
			buildActionMask = 2147483647;
			files = (
			);
			runOnlyForDeploymentPostprocessing = 0;
		};
		04C1119429F0F35C00119130 /* Frameworks */ = {
			isa = PBXFrameworksBuildPhase;
			buildActionMask = 2147483647;
			files = (
			);
			runOnlyForDeploymentPostprocessing = 0;
		};
/* End PBXFrameworksBuildPhase section */

/* Begin PBXGroup section */
		04C1116E29F0F35B00119130 = {
			isa = PBXGroup;
			children = (
				04C1117929F0F35B00119130 /* Weatherful */,
				04C1119029F0F35C00119130 /* WeatherfulTests */,
				04C1119A29F0F35C00119130 /* WeatherfulUITests */,
				04C1117829F0F35B00119130 /* Products */,
			);
			sourceTree = "<group>";
		};
		04C1117829F0F35B00119130 /* Products */ = {
			isa = PBXGroup;
			children = (
				04C1117729F0F35B00119130 /* Weatherful.app */,
				04C1118D29F0F35C00119130 /* WeatherfulTests.xctest */,
				04C1119729F0F35C00119130 /* WeatherfulUITests.xctest */,
			);
			name = Products;
			sourceTree = "<group>";
		};
		04C1117929F0F35B00119130 /* Weatherful */ = {
			isa = PBXGroup;
			children = (
				04C1117A29F0F35B00119130 /* AppDelegate.swift */,
				04C1117C29F0F35B00119130 /* SceneDelegate.swift */,
				04C111B229F11AE000119130 /* Model */,
				04C111B129F11AD600119130 /* View */,
				04C111B329F11AE300119130 /* Controller */,
				04C111AA29F11A2400119130 /* Extensions */,
				04C111B829F1258800119130 /* Fonts */,
				04C1118329F0F35C00119130 /* Assets.xcassets */,
				04C1118529F0F35C00119130 /* LaunchScreen.storyboard */,
				04C1118829F0F35C00119130 /* Info.plist */,
			);
			path = Weatherful;
			sourceTree = "<group>";
		};
		04C1119029F0F35C00119130 /* WeatherfulTests */ = {
			isa = PBXGroup;
			children = (
				04C1119129F0F35C00119130 /* WeatherfulTests.swift */,
			);
			path = WeatherfulTests;
			sourceTree = "<group>";
		};
		04C1119A29F0F35C00119130 /* WeatherfulUITests */ = {
			isa = PBXGroup;
			children = (
				04C1119B29F0F35C00119130 /* WeatherfulUITests.swift */,
				04C1119D29F0F35C00119130 /* WeatherfulUITestsLaunchTests.swift */,
			);
			path = WeatherfulUITests;
			sourceTree = "<group>";
		};
		04C111AA29F11A2400119130 /* Extensions */ = {
			isa = PBXGroup;
			children = (
				04C111AF29F11A7900119130 /* UIColor+Weatherful.swift */,
				04C111AD29F11A4D00119130 /* UIView+Weatherful.swift */,
				04C111B429F1242A00119130 /* UILabel+Weatherful.swift */,
				04C111B629F1248300119130 /* CustomFonts.swift */,
			);
			path = Extensions;
			sourceTree = "<group>";
		};
		04C111B129F11AD600119130 /* View */ = {
			isa = PBXGroup;
			children = (
				04C1118029F0F35B00119130 /* Main.storyboard */,
			);
			path = View;
			sourceTree = "<group>";
		};
		04C111B229F11AE000119130 /* Model */ = {
			isa = PBXGroup;
			children = (
			);
			path = Model;
			sourceTree = "<group>";
		};
		04C111B329F11AE300119130 /* Controller */ = {
			isa = PBXGroup;
			children = (
				04C1117E29F0F35B00119130 /* MainVC.swift */,
			);
			path = Controller;
			sourceTree = "<group>";
		};
		04C111B829F1258800119130 /* Fonts */ = {
			isa = PBXGroup;
			children = (
				04C111C129F1261C00119130 /* SF-Pro-Rounded-Black.otf */,
				04C111B929F1261B00119130 /* SF-Pro-Rounded-Bold.otf */,
				04C111BC29F1261C00119130 /* SF-Pro-Rounded-Heavy.otf */,
				04C111BE29F1261C00119130 /* SF-Pro-Rounded-Light.otf */,
				04C111C029F1261C00119130 /* SF-Pro-Rounded-Medium.otf */,
				04C111BA29F1261B00119130 /* SF-Pro-Rounded-Regular.otf */,
				04C111BF29F1261C00119130 /* SF-Pro-Rounded-Semibold.otf */,
				04C111BB29F1261C00119130 /* SF-Pro-Rounded-Thin.otf */,
				04C111BD29F1261C00119130 /* SF-Pro-Rounded-Ultralight.otf */,
			);
			path = Fonts;
			sourceTree = "<group>";
		};
/* End PBXGroup section */

/* Begin PBXNativeTarget section */
		04C1117629F0F35B00119130 /* Weatherful */ = {
			isa = PBXNativeTarget;
			buildConfigurationList = 04C111A129F0F35C00119130 /* Build configuration list for PBXNativeTarget "Weatherful" */;
			buildPhases = (
				04C1117329F0F35B00119130 /* Sources */,
				04C1117429F0F35B00119130 /* Frameworks */,
				04C1117529F0F35B00119130 /* Resources */,
			);
			buildRules = (
			);
			dependencies = (
			);
			name = Weatherful;
			productName = Weatherful;
			productReference = 04C1117729F0F35B00119130 /* Weatherful.app */;
			productType = "com.apple.product-type.application";
		};
		04C1118C29F0F35C00119130 /* WeatherfulTests */ = {
			isa = PBXNativeTarget;
			buildConfigurationList = 04C111A429F0F35C00119130 /* Build configuration list for PBXNativeTarget "WeatherfulTests" */;
			buildPhases = (
				04C1118929F0F35C00119130 /* Sources */,
				04C1118A29F0F35C00119130 /* Frameworks */,
				04C1118B29F0F35C00119130 /* Resources */,
			);
			buildRules = (
			);
			dependencies = (
				04C1118F29F0F35C00119130 /* PBXTargetDependency */,
			);
			name = WeatherfulTests;
			productName = WeatherfulTests;
			productReference = 04C1118D29F0F35C00119130 /* WeatherfulTests.xctest */;
			productType = "com.apple.product-type.bundle.unit-test";
		};
		04C1119629F0F35C00119130 /* WeatherfulUITests */ = {
			isa = PBXNativeTarget;
			buildConfigurationList = 04C111A729F0F35C00119130 /* Build configuration list for PBXNativeTarget "WeatherfulUITests" */;
			buildPhases = (
				04C1119329F0F35C00119130 /* Sources */,
				04C1119429F0F35C00119130 /* Frameworks */,
				04C1119529F0F35C00119130 /* Resources */,
			);
			buildRules = (
			);
			dependencies = (
				04C1119929F0F35C00119130 /* PBXTargetDependency */,
			);
			name = WeatherfulUITests;
			productName = WeatherfulUITests;
			productReference = 04C1119729F0F35C00119130 /* WeatherfulUITests.xctest */;
			productType = "com.apple.product-type.bundle.ui-testing";
		};
/* End PBXNativeTarget section */

/* Begin PBXProject section */
		04C1116F29F0F35B00119130 /* Project object */ = {
			isa = PBXProject;
			attributes = {
				BuildIndependentTargetsInParallel = 1;
				LastSwiftUpdateCheck = 1430;
				LastUpgradeCheck = 1430;
				TargetAttributes = {
					04C1117629F0F35B00119130 = {
						CreatedOnToolsVersion = 14.3;
					};
					04C1118C29F0F35C00119130 = {
						CreatedOnToolsVersion = 14.3;
						TestTargetID = 04C1117629F0F35B00119130;
					};
					04C1119629F0F35C00119130 = {
						CreatedOnToolsVersion = 14.3;
						TestTargetID = 04C1117629F0F35B00119130;
					};
				};
			};
			buildConfigurationList = 04C1117229F0F35B00119130 /* Build configuration list for PBXProject "Weatherful" */;
			compatibilityVersion = "Xcode 14.0";
			developmentRegion = en;
			hasScannedForEncodings = 0;
			knownRegions = (
				en,
				Base,
			);
			mainGroup = 04C1116E29F0F35B00119130;
			productRefGroup = 04C1117829F0F35B00119130 /* Products */;
			projectDirPath = "";
			projectRoot = "";
			targets = (
				04C1117629F0F35B00119130 /* Weatherful */,
				04C1118C29F0F35C00119130 /* WeatherfulTests */,
				04C1119629F0F35C00119130 /* WeatherfulUITests */,
			);
		};
/* End PBXProject section */

/* Begin PBXResourcesBuildPhase section */
		04C1117529F0F35B00119130 /* Resources */ = {
			isa = PBXResourcesBuildPhase;
			buildActionMask = 2147483647;
			files = (
				04C1118729F0F35C00119130 /* LaunchScreen.storyboard in Resources */,
				04C111D129F1261C00119130 /* SF-Pro-Rounded-Light.otf in Resources */,
				04C111DA29F1261C00119130 /* SF-Pro-Rounded-Black.otf in Resources */,
				04C111C529F1261C00119130 /* SF-Pro-Rounded-Regular.otf in Resources */,
				04C111C229F1261C00119130 /* SF-Pro-Rounded-Bold.otf in Resources */,
				04C111C829F1261C00119130 /* SF-Pro-Rounded-Thin.otf in Resources */,
				04C1118429F0F35C00119130 /* Assets.xcassets in Resources */,
				04C111CB29F1261C00119130 /* SF-Pro-Rounded-Heavy.otf in Resources */,
				04C111D729F1261C00119130 /* SF-Pro-Rounded-Medium.otf in Resources */,
				04C111CE29F1261C00119130 /* SF-Pro-Rounded-Ultralight.otf in Resources */,
				04C1118229F0F35B00119130 /* Main.storyboard in Resources */,
				04C111D429F1261C00119130 /* SF-Pro-Rounded-Semibold.otf in Resources */,
			);
			runOnlyForDeploymentPostprocessing = 0;
		};
		04C1118B29F0F35C00119130 /* Resources */ = {
			isa = PBXResourcesBuildPhase;
			buildActionMask = 2147483647;
			files = (
				04C111C929F1261C00119130 /* SF-Pro-Rounded-Thin.otf in Resources */,
				04C111D229F1261C00119130 /* SF-Pro-Rounded-Light.otf in Resources */,
				04C111C329F1261C00119130 /* SF-Pro-Rounded-Bold.otf in Resources */,
				04C111D829F1261C00119130 /* SF-Pro-Rounded-Medium.otf in Resources */,
				04C111CC29F1261C00119130 /* SF-Pro-Rounded-Heavy.otf in Resources */,
				04C111CF29F1261C00119130 /* SF-Pro-Rounded-Ultralight.otf in Resources */,
				04C111D529F1261C00119130 /* SF-Pro-Rounded-Semibold.otf in Resources */,
				04C111C629F1261C00119130 /* SF-Pro-Rounded-Regular.otf in Resources */,
				04C111DB29F1261C00119130 /* SF-Pro-Rounded-Black.otf in Resources */,
			);
			runOnlyForDeploymentPostprocessing = 0;
		};
		04C1119529F0F35C00119130 /* Resources */ = {
			isa = PBXResourcesBuildPhase;
			buildActionMask = 2147483647;
			files = (
				04C111CA29F1261C00119130 /* SF-Pro-Rounded-Thin.otf in Resources */,
				04C111D329F1261C00119130 /* SF-Pro-Rounded-Light.otf in Resources */,
				04C111C429F1261C00119130 /* SF-Pro-Rounded-Bold.otf in Resources */,
				04C111D929F1261C00119130 /* SF-Pro-Rounded-Medium.otf in Resources */,
				04C111CD29F1261C00119130 /* SF-Pro-Rounded-Heavy.otf in Resources */,
				04C111D029F1261C00119130 /* SF-Pro-Rounded-Ultralight.otf in Resources */,
				04C111D629F1261C00119130 /* SF-Pro-Rounded-Semibold.otf in Resources */,
				04C111C729F1261C00119130 /* SF-Pro-Rounded-Regular.otf in Resources */,
				04C111DC29F1261C00119130 /* SF-Pro-Rounded-Black.otf in Resources */,
			);
			runOnlyForDeploymentPostprocessing = 0;
		};
/* End PBXResourcesBuildPhase section */

/* Begin PBXSourcesBuildPhase section */
		04C1117329F0F35B00119130 /* Sources */ = {
			isa = PBXSourcesBuildPhase;
			buildActionMask = 2147483647;
			files = (
				04C1117F29F0F35B00119130 /* MainVC.swift in Sources */,
				04C111B529F1242A00119130 /* UILabel+Weatherful.swift in Sources */,
				04C111B729F1248300119130 /* CustomFonts.swift in Sources */,
				04C111B029F11A7900119130 /* UIColor+Weatherful.swift in Sources */,
				04C111AE29F11A4D00119130 /* UIView+Weatherful.swift in Sources */,
				04C1117B29F0F35B00119130 /* AppDelegate.swift in Sources */,
				04C1117D29F0F35B00119130 /* SceneDelegate.swift in Sources */,
			);
			runOnlyForDeploymentPostprocessing = 0;
		};
		04C1118929F0F35C00119130 /* Sources */ = {
			isa = PBXSourcesBuildPhase;
			buildActionMask = 2147483647;
			files = (
				04C1119229F0F35C00119130 /* WeatherfulTests.swift in Sources */,
			);
			runOnlyForDeploymentPostprocessing = 0;
		};
		04C1119329F0F35C00119130 /* Sources */ = {
			isa = PBXSourcesBuildPhase;
			buildActionMask = 2147483647;
			files = (
				04C1119C29F0F35C00119130 /* WeatherfulUITests.swift in Sources */,
				04C1119E29F0F35C00119130 /* WeatherfulUITestsLaunchTests.swift in Sources */,
			);
			runOnlyForDeploymentPostprocessing = 0;
		};
/* End PBXSourcesBuildPhase section */

/* Begin PBXTargetDependency section */
		04C1118F29F0F35C00119130 /* PBXTargetDependency */ = {
			isa = PBXTargetDependency;
			target = 04C1117629F0F35B00119130 /* Weatherful */;
			targetProxy = 04C1118E29F0F35C00119130 /* PBXContainerItemProxy */;
		};
		04C1119929F0F35C00119130 /* PBXTargetDependency */ = {
			isa = PBXTargetDependency;
			target = 04C1117629F0F35B00119130 /* Weatherful */;
			targetProxy = 04C1119829F0F35C00119130 /* PBXContainerItemProxy */;
		};
/* End PBXTargetDependency section */

/* Begin PBXVariantGroup section */
		04C1118029F0F35B00119130 /* Main.storyboard */ = {
			isa = PBXVariantGroup;
			children = (
				04C1118129F0F35B00119130 /* Base */,
			);
			name = Main.storyboard;
			sourceTree = "<group>";
		};
		04C1118529F0F35C00119130 /* LaunchScreen.storyboard */ = {
			isa = PBXVariantGroup;
			children = (
				04C1118629F0F35C00119130 /* Base */,
			);
			name = LaunchScreen.storyboard;
			sourceTree = "<group>";
		};
/* End PBXVariantGroup section */

/* Begin XCBuildConfiguration section */
		04C1119F29F0F35C00119130 /* Debug */ = {
			isa = XCBuildConfiguration;
			buildSettings = {
				ALWAYS_SEARCH_USER_PATHS = NO;
				CLANG_ANALYZER_NONNULL = YES;
				CLANG_ANALYZER_NUMBER_OBJECT_CONVERSION = YES_AGGRESSIVE;
				CLANG_CXX_LANGUAGE_STANDARD = "gnu++20";
				CLANG_ENABLE_MODULES = YES;
				CLANG_ENABLE_OBJC_ARC = YES;
				CLANG_ENABLE_OBJC_WEAK = YES;
				CLANG_WARN_BLOCK_CAPTURE_AUTORELEASING = YES;
				CLANG_WARN_BOOL_CONVERSION = YES;
				CLANG_WARN_COMMA = YES;
				CLANG_WARN_CONSTANT_CONVERSION = YES;
				CLANG_WARN_DEPRECATED_OBJC_IMPLEMENTATIONS = YES;
				CLANG_WARN_DIRECT_OBJC_ISA_USAGE = YES_ERROR;
				CLANG_WARN_DOCUMENTATION_COMMENTS = YES;
				CLANG_WARN_EMPTY_BODY = YES;
				CLANG_WARN_ENUM_CONVERSION = YES;
				CLANG_WARN_INFINITE_RECURSION = YES;
				CLANG_WARN_INT_CONVERSION = YES;
				CLANG_WARN_NON_LITERAL_NULL_CONVERSION = YES;
				CLANG_WARN_OBJC_IMPLICIT_RETAIN_SELF = YES;
				CLANG_WARN_OBJC_LITERAL_CONVERSION = YES;
				CLANG_WARN_OBJC_ROOT_CLASS = YES_ERROR;
				CLANG_WARN_QUOTED_INCLUDE_IN_FRAMEWORK_HEADER = YES;
				CLANG_WARN_RANGE_LOOP_ANALYSIS = YES;
				CLANG_WARN_STRICT_PROTOTYPES = YES;
				CLANG_WARN_SUSPICIOUS_MOVE = YES;
				CLANG_WARN_UNGUARDED_AVAILABILITY = YES_AGGRESSIVE;
				CLANG_WARN_UNREACHABLE_CODE = YES;
				CLANG_WARN__DUPLICATE_METHOD_MATCH = YES;
				COPY_PHASE_STRIP = NO;
				DEBUG_INFORMATION_FORMAT = dwarf;
				ENABLE_STRICT_OBJC_MSGSEND = YES;
				ENABLE_TESTABILITY = YES;
				GCC_C_LANGUAGE_STANDARD = gnu11;
				GCC_DYNAMIC_NO_PIC = NO;
				GCC_NO_COMMON_BLOCKS = YES;
				GCC_OPTIMIZATION_LEVEL = 0;
				GCC_PREPROCESSOR_DEFINITIONS = (
					"DEBUG=1",
					"$(inherited)",
				);
				GCC_WARN_64_TO_32_BIT_CONVERSION = YES;
				GCC_WARN_ABOUT_RETURN_TYPE = YES_ERROR;
				GCC_WARN_UNDECLARED_SELECTOR = YES;
				GCC_WARN_UNINITIALIZED_AUTOS = YES_AGGRESSIVE;
				GCC_WARN_UNUSED_FUNCTION = YES;
				GCC_WARN_UNUSED_VARIABLE = YES;
				IPHONEOS_DEPLOYMENT_TARGET = 16.4;
				MTL_ENABLE_DEBUG_INFO = INCLUDE_SOURCE;
				MTL_FAST_MATH = YES;
				ONLY_ACTIVE_ARCH = YES;
				SDKROOT = iphoneos;
				SWIFT_ACTIVE_COMPILATION_CONDITIONS = DEBUG;
				SWIFT_OPTIMIZATION_LEVEL = "-Onone";
			};
			name = Debug;
		};
		04C111A029F0F35C00119130 /* Release */ = {
			isa = XCBuildConfiguration;
			buildSettings = {
				ALWAYS_SEARCH_USER_PATHS = NO;
				CLANG_ANALYZER_NONNULL = YES;
				CLANG_ANALYZER_NUMBER_OBJECT_CONVERSION = YES_AGGRESSIVE;
				CLANG_CXX_LANGUAGE_STANDARD = "gnu++20";
				CLANG_ENABLE_MODULES = YES;
				CLANG_ENABLE_OBJC_ARC = YES;
				CLANG_ENABLE_OBJC_WEAK = YES;
				CLANG_WARN_BLOCK_CAPTURE_AUTORELEASING = YES;
				CLANG_WARN_BOOL_CONVERSION = YES;
				CLANG_WARN_COMMA = YES;
				CLANG_WARN_CONSTANT_CONVERSION = YES;
				CLANG_WARN_DEPRECATED_OBJC_IMPLEMENTATIONS = YES;
				CLANG_WARN_DIRECT_OBJC_ISA_USAGE = YES_ERROR;
				CLANG_WARN_DOCUMENTATION_COMMENTS = YES;
				CLANG_WARN_EMPTY_BODY = YES;
				CLANG_WARN_ENUM_CONVERSION = YES;
				CLANG_WARN_INFINITE_RECURSION = YES;
				CLANG_WARN_INT_CONVERSION = YES;
				CLANG_WARN_NON_LITERAL_NULL_CONVERSION = YES;
				CLANG_WARN_OBJC_IMPLICIT_RETAIN_SELF = YES;
				CLANG_WARN_OBJC_LITERAL_CONVERSION = YES;
				CLANG_WARN_OBJC_ROOT_CLASS = YES_ERROR;
				CLANG_WARN_QUOTED_INCLUDE_IN_FRAMEWORK_HEADER = YES;
				CLANG_WARN_RANGE_LOOP_ANALYSIS = YES;
				CLANG_WARN_STRICT_PROTOTYPES = YES;
				CLANG_WARN_SUSPICIOUS_MOVE = YES;
				CLANG_WARN_UNGUARDED_AVAILABILITY = YES_AGGRESSIVE;
				CLANG_WARN_UNREACHABLE_CODE = YES;
				CLANG_WARN__DUPLICATE_METHOD_MATCH = YES;
				COPY_PHASE_STRIP = NO;
				DEBUG_INFORMATION_FORMAT = "dwarf-with-dsym";
				ENABLE_NS_ASSERTIONS = NO;
				ENABLE_STRICT_OBJC_MSGSEND = YES;
				GCC_C_LANGUAGE_STANDARD = gnu11;
				GCC_NO_COMMON_BLOCKS = YES;
				GCC_WARN_64_TO_32_BIT_CONVERSION = YES;
				GCC_WARN_ABOUT_RETURN_TYPE = YES_ERROR;
				GCC_WARN_UNDECLARED_SELECTOR = YES;
				GCC_WARN_UNINITIALIZED_AUTOS = YES_AGGRESSIVE;
				GCC_WARN_UNUSED_FUNCTION = YES;
				GCC_WARN_UNUSED_VARIABLE = YES;
				IPHONEOS_DEPLOYMENT_TARGET = 16.4;
				MTL_ENABLE_DEBUG_INFO = NO;
				MTL_FAST_MATH = YES;
				SDKROOT = iphoneos;
				SWIFT_COMPILATION_MODE = wholemodule;
				SWIFT_OPTIMIZATION_LEVEL = "-O";
				VALIDATE_PRODUCT = YES;
			};
			name = Release;
		};
		04C111A229F0F35C00119130 /* Debug */ = {
			isa = XCBuildConfiguration;
			buildSettings = {
				ASSETCATALOG_COMPILER_APPICON_NAME = AppIcon;
				ASSETCATALOG_COMPILER_GLOBAL_ACCENT_COLOR_NAME = AccentColor;
				CODE_SIGN_STYLE = Automatic;
				CURRENT_PROJECT_VERSION = 1;
				DEVELOPMENT_TEAM = X6JB7G9XQ7;
				GENERATE_INFOPLIST_FILE = YES;
				INFOPLIST_FILE = Weatherful/Info.plist;
				INFOPLIST_KEY_LSApplicationCategoryType = "public.app-category.weather";
				INFOPLIST_KEY_UIApplicationSupportsIndirectInputEvents = YES;
				INFOPLIST_KEY_UILaunchStoryboardName = LaunchScreen;
				INFOPLIST_KEY_UIMainStoryboardFile = Main;
				INFOPLIST_KEY_UISupportedInterfaceOrientations_iPad = "UIInterfaceOrientationPortrait UIInterfaceOrientationPortraitUpsideDown UIInterfaceOrientationLandscapeLeft UIInterfaceOrientationLandscapeRight";
				INFOPLIST_KEY_UISupportedInterfaceOrientations_iPhone = "UIInterfaceOrientationPortrait UIInterfaceOrientationLandscapeLeft UIInterfaceOrientationLandscapeRight";
				LD_RUNPATH_SEARCH_PATHS = (
					"$(inherited)",
					"@executable_path/Frameworks",
				);
				MARKETING_VERSION = 1.0;
				PRODUCT_BUNDLE_IDENTIFIER = com.antonybluemel.Weatherful;
				PRODUCT_NAME = "$(TARGET_NAME)";
				SWIFT_EMIT_LOC_STRINGS = YES;
				SWIFT_VERSION = 5.0;
				TARGETED_DEVICE_FAMILY = "1,2";
			};
			name = Debug;
		};
		04C111A329F0F35C00119130 /* Release */ = {
			isa = XCBuildConfiguration;
			buildSettings = {
				ASSETCATALOG_COMPILER_APPICON_NAME = AppIcon;
				ASSETCATALOG_COMPILER_GLOBAL_ACCENT_COLOR_NAME = AccentColor;
				CODE_SIGN_STYLE = Automatic;
				CURRENT_PROJECT_VERSION = 1;
				DEVELOPMENT_TEAM = X6JB7G9XQ7;
				GENERATE_INFOPLIST_FILE = YES;
				INFOPLIST_FILE = Weatherful/Info.plist;
				INFOPLIST_KEY_LSApplicationCategoryType = "public.app-category.weather";
				INFOPLIST_KEY_UIApplicationSupportsIndirectInputEvents = YES;
				INFOPLIST_KEY_UILaunchStoryboardName = LaunchScreen;
				INFOPLIST_KEY_UIMainStoryboardFile = Main;
				INFOPLIST_KEY_UISupportedInterfaceOrientations_iPad = "UIInterfaceOrientationPortrait UIInterfaceOrientationPortraitUpsideDown UIInterfaceOrientationLandscapeLeft UIInterfaceOrientationLandscapeRight";
				INFOPLIST_KEY_UISupportedInterfaceOrientations_iPhone = "UIInterfaceOrientationPortrait UIInterfaceOrientationLandscapeLeft UIInterfaceOrientationLandscapeRight";
				LD_RUNPATH_SEARCH_PATHS = (
					"$(inherited)",
					"@executable_path/Frameworks",
				);
				MARKETING_VERSION = 1.0;
				PRODUCT_BUNDLE_IDENTIFIER = com.antonybluemel.Weatherful;
				PRODUCT_NAME = "$(TARGET_NAME)";
				SWIFT_EMIT_LOC_STRINGS = YES;
				SWIFT_VERSION = 5.0;
				TARGETED_DEVICE_FAMILY = "1,2";
			};
			name = Release;
		};
		04C111A529F0F35C00119130 /* Debug */ = {
			isa = XCBuildConfiguration;
			buildSettings = {
				ALWAYS_EMBED_SWIFT_STANDARD_LIBRARIES = YES;
				BUNDLE_LOADER = "$(TEST_HOST)";
				CODE_SIGN_STYLE = Automatic;
				CURRENT_PROJECT_VERSION = 1;
				DEVELOPMENT_TEAM = X6JB7G9XQ7;
				GENERATE_INFOPLIST_FILE = YES;
				IPHONEOS_DEPLOYMENT_TARGET = 16.4;
				MARKETING_VERSION = 1.0;
				PRODUCT_BUNDLE_IDENTIFIER = com.antonybluemel.WeatherfulTests;
				PRODUCT_NAME = "$(TARGET_NAME)";
				SWIFT_EMIT_LOC_STRINGS = NO;
				SWIFT_VERSION = 5.0;
				TARGETED_DEVICE_FAMILY = "1,2";
				TEST_HOST = "$(BUILT_PRODUCTS_DIR)/Weatherful.app/$(BUNDLE_EXECUTABLE_FOLDER_PATH)/Weatherful";
			};
			name = Debug;
		};
		04C111A629F0F35C00119130 /* Release */ = {
			isa = XCBuildConfiguration;
			buildSettings = {
				ALWAYS_EMBED_SWIFT_STANDARD_LIBRARIES = YES;
				BUNDLE_LOADER = "$(TEST_HOST)";
				CODE_SIGN_STYLE = Automatic;
				CURRENT_PROJECT_VERSION = 1;
				DEVELOPMENT_TEAM = X6JB7G9XQ7;
				GENERATE_INFOPLIST_FILE = YES;
				IPHONEOS_DEPLOYMENT_TARGET = 16.4;
				MARKETING_VERSION = 1.0;
				PRODUCT_BUNDLE_IDENTIFIER = com.antonybluemel.WeatherfulTests;
				PRODUCT_NAME = "$(TARGET_NAME)";
				SWIFT_EMIT_LOC_STRINGS = NO;
				SWIFT_VERSION = 5.0;
				TARGETED_DEVICE_FAMILY = "1,2";
				TEST_HOST = "$(BUILT_PRODUCTS_DIR)/Weatherful.app/$(BUNDLE_EXECUTABLE_FOLDER_PATH)/Weatherful";
			};
			name = Release;
		};
		04C111A829F0F35C00119130 /* Debug */ = {
			isa = XCBuildConfiguration;
			buildSettings = {
				ALWAYS_EMBED_SWIFT_STANDARD_LIBRARIES = YES;
				CODE_SIGN_STYLE = Automatic;
				CURRENT_PROJECT_VERSION = 1;
				DEVELOPMENT_TEAM = X6JB7G9XQ7;
				GENERATE_INFOPLIST_FILE = YES;
				MARKETING_VERSION = 1.0;
				PRODUCT_BUNDLE_IDENTIFIER = com.antonybluemel.WeatherfulUITests;
				PRODUCT_NAME = "$(TARGET_NAME)";
				SWIFT_EMIT_LOC_STRINGS = NO;
				SWIFT_VERSION = 5.0;
				TARGETED_DEVICE_FAMILY = "1,2";
				TEST_TARGET_NAME = Weatherful;
			};
			name = Debug;
		};
		04C111A929F0F35C00119130 /* Release */ = {
			isa = XCBuildConfiguration;
			buildSettings = {
				ALWAYS_EMBED_SWIFT_STANDARD_LIBRARIES = YES;
				CODE_SIGN_STYLE = Automatic;
				CURRENT_PROJECT_VERSION = 1;
				DEVELOPMENT_TEAM = X6JB7G9XQ7;
				GENERATE_INFOPLIST_FILE = YES;
				MARKETING_VERSION = 1.0;
				PRODUCT_BUNDLE_IDENTIFIER = com.antonybluemel.WeatherfulUITests;
				PRODUCT_NAME = "$(TARGET_NAME)";
				SWIFT_EMIT_LOC_STRINGS = NO;
				SWIFT_VERSION = 5.0;
				TARGETED_DEVICE_FAMILY = "1,2";
				TEST_TARGET_NAME = Weatherful;
			};
			name = Release;
		};
/* End XCBuildConfiguration section */

/* Begin XCConfigurationList section */
		04C1117229F0F35B00119130 /* Build configuration list for PBXProject "Weatherful" */ = {
			isa = XCConfigurationList;
			buildConfigurations = (
				04C1119F29F0F35C00119130 /* Debug */,
				04C111A029F0F35C00119130 /* Release */,
			);
			defaultConfigurationIsVisible = 0;
			defaultConfigurationName = Release;
		};
		04C111A129F0F35C00119130 /* Build configuration list for PBXNativeTarget "Weatherful" */ = {
			isa = XCConfigurationList;
			buildConfigurations = (
				04C111A229F0F35C00119130 /* Debug */,
				04C111A329F0F35C00119130 /* Release */,
			);
			defaultConfigurationIsVisible = 0;
			defaultConfigurationName = Release;
		};
		04C111A429F0F35C00119130 /* Build configuration list for PBXNativeTarget "WeatherfulTests" */ = {
			isa = XCConfigurationList;
			buildConfigurations = (
				04C111A529F0F35C00119130 /* Debug */,
				04C111A629F0F35C00119130 /* Release */,
			);
			defaultConfigurationIsVisible = 0;
			defaultConfigurationName = Release;
		};
		04C111A729F0F35C00119130 /* Build configuration list for PBXNativeTarget "WeatherfulUITests" */ = {
			isa = XCConfigurationList;
			buildConfigurations = (
				04C111A829F0F35C00119130 /* Debug */,
				04C111A929F0F35C00119130 /* Release */,
			);
			defaultConfigurationIsVisible = 0;
			defaultConfigurationName = Release;
		};
/* End XCConfigurationList section */
	};
	rootObject = 04C1116F29F0F35B00119130 /* Project object */;
}
